
Microsoft Visual Studio Solution File, Format Version 12.00
# Visual Studio Version 17
VisualStudioVersion = 17.2.32630.192
MinimumVisualStudioVersion = 10.0.40219.1
Project("{FAE04EC0-301F-11D3-BF4B-00C04F79EFBC}") = "Timer", "Timer\Timer.csproj", "{2AA10735-A4D1-46D7-BF0D-BAC31B6BF925}"
EndProject
Global
	GlobalSection(SolutionConfigurationPlatforms) = preSolution
		Debug|Any CPU = Debug|Any CPU
		Release|Any CPU = Release|Any CPU
	EndGlobalSection
	GlobalSection(ProjectConfigurationPlatforms) = postSolution
		{2AA10735-A4D1-46D7-BF0D-BAC31B6BF925}.Debug|Any CPU.ActiveCfg = Debug|Any CPU
		{2AA10735-A4D1-46D7-BF0D-BAC31B6BF925}.Debug|Any CPU.Build.0 = Debug|Any CPU
		{2AA10735-A4D1-46D7-BF0D-BAC31B6BF925}.Release|Any CPU.ActiveCfg = Release|Any CPU
		{2AA10735-A4D1-46D7-BF0D-BAC31B6BF925}.Release|Any CPU.Build.0 = Release|Any CPU
	EndGlobalSection
	GlobalSection(SolutionProperties) = preSolution
		HideSolutionNode = FALSE
	EndGlobalSection
	GlobalSection(ExtensibilityGlobals) = postSolution
		SolutionGuid = {37B69406-EF15-4642-93E7-22DBBCF68AA0}
	EndGlobalSection
EndGlobal
